Microsoft Visual Studio Solution File, Format Version 11.00
# Visual Studio 2010
Project("{815B0A60-9E22-B678-70FC-97FB5065B974}") = "SylfelCab", "SylfelCab.vcxproj", "{AB39EBCA-0456-441C-F5A5-B107FE57B684}"
EndProject
Global
	GlobalSection(SolutionConfigurationPlatforms) = preSolution
		Debug|Win32 = Debug|Win32
		Release|Win32 = Release|Win32
	EndGlobalSection
	GlobalSection(ProjectConfigurationPlatforms) = postSolution
		{AB39EBCA-0456-441C-F5A5-B107FE57B684}.Debug|Win32.ActiveCfg = Debug|Win32
		{AB39EBCA-0456-441C-F5A5-B107FE57B684}.Debug|Win32.Build.0 = Debug|Win32
		{AB39EBCA-0456-441C-F5A5-B107FE57B684}.Release|Win32.ActiveCfg = Release|Win32
		{AB39EBCA-0456-441C-F5A5-B107FE57B684}.Release|Win32.Build.0 = Release|Win32
	EndGlobalSection
	GlobalSection(SolutionProperties) = preSolution
		HideSolutionNode = FALSE
	EndGlobalSection
EndGlobal
